
Microsoft Visual Studio Solution File, Format Version 12.00
# Visual Studio 2013
VisualStudioVersion = 12.0.30501.0
MinimumVisualStudioVersion = 10.0.40219.1
Project("{FAE04EC0-301F-11D3-BF4B-00C04F79EFBC}") = "ObjectTracking", "ObjectTracking.csproj", "{FF527EA4-2137-4DA3-88EA-2ED34C7FB4CB}"
EndProject
Project("{2150E333-8FDC-42A3-9474-1A3956D46DE8}") = "Solution Items", "Solution Items", "{BECF8191-8882-4D18-8F7F-002810AC8A10}"
	ProjectSection(SolutionItems) = preProject
		PerformanceAnalysis.psess = PerformanceAnalysis.psess
	EndProjectSection
EndProject
Global
	GlobalSection(SolutionConfigurationPlatforms) = preSolution
		Debug|Any CPU = Debug|Any CPU
		Release|Any CPU = Release|Any CPU
	EndGlobalSection
	GlobalSection(ProjectConfigurationPlatforms) = postSolution
		{FF527EA4-2137-4DA3-88EA-2ED34C7FB4CB}.Debug|Any CPU.ActiveCfg = Debug|Any CPU
		{FF527EA4-2137-4DA3-88EA-2ED34C7FB4CB}.Debug|Any CPU.Build.0 = Debug|Any CPU
		{FF527EA4-2137-4DA3-88EA-2ED34C7FB4CB}.Release|Any CPU.ActiveCfg = Release|Any CPU
		{FF527EA4-2137-4DA3-88EA-2ED34C7FB4CB}.Release|Any CPU.Build.0 = Release|Any CPU
	EndGlobalSection
	GlobalSection(SolutionProperties) = preSolution
		HideSolutionNode = FALSE
	EndGlobalSection
	GlobalSection(Performance) = preSolution
		HasPerformanceSessions = true
	EndGlobalSection
EndGlobal
